
Microsoft Visual Studio Solution File, Format Version 12.00
# Visual Studio Version 17
VisualStudioVersion = 17.5.33414.496
MinimumVisualStudioVersion = 10.0.40219.1
Project("{FAE04EC0-301F-11D3-BF4B-00C04F79EFBC}") = "GoingMedievalLocExtractor", "GoingMedievalLocExtractor\GoingMedievalLocExtractor.csproj", "{9E0A1C6F-4D00-42E4-B73F-20DF485F99A2}"
EndProject
Global
	GlobalSection(SolutionConfigurationPlatforms) = preSolution
		Debug|Any CPU = Debug|Any CPU
		Release|Any CPU = Release|Any CPU
	EndGlobalSection
	GlobalSection(ProjectConfigurationPlatforms) = postSolution
		{9E0A1C6F-4D00-42E4-B73F-20DF485F99A2}.Debug|Any CPU.ActiveCfg = Debug|Any CPU
		{9E0A1C6F-4D00-42E4-B73F-20DF485F99A2}.Debug|Any CPU.Build.0 = Debug|Any CPU
		{9E0A1C6F-4D00-42E4-B73F-20DF485F99A2}.Release|Any CPU.ActiveCfg = Release|Any CPU
		{9E0A1C6F-4D00-42E4-B73F-20DF485F99A2}.Release|Any CPU.Build.0 = Release|Any CPU
	EndGlobalSection
	GlobalSection(SolutionProperties) = preSolution
		HideSolutionNode = FALSE
	EndGlobalSection
	GlobalSection(ExtensibilityGlobals) = postSolution
		SolutionGuid = {977756E3-FF54-48DB-B769-CDD82534AC42}
	EndGlobalSection
EndGlobal
